
Microsoft Visual Studio Solution File, Format Version 11.00
# Visual Studio 2010
Project("{FAE04EC0-301F-11D3-BF4B-00C04F79EFBC}") = "Animals", "Animals\Animals.csproj", "{468BD643-EE0A-4958-BD7A-421D1355721B}"
EndProject
Global
	GlobalSection(SolutionConfigurationPlatforms) = preSolution
		Debug|x86 = Debug|x86
		Release|x86 = Release|x86
	EndGlobalSection
	GlobalSection(ProjectConfigurationPlatforms) = postSolution
		{468BD643-EE0A-4958-BD7A-421D1355721B}.Debug|x86.ActiveCfg = Debug|x86
		{468BD643-EE0A-4958-BD7A-421D1355721B}.Debug|x86.Build.0 = Debug|x86
		{468BD643-EE0A-4958-BD7A-421D1355721B}.Release|x86.ActiveCfg = Release|x86
		{468BD643-EE0A-4958-BD7A-421D1355721B}.Release|x86.Build.0 = Release|x86
	EndGlobalSection
	GlobalSection(SolutionProperties) = preSolution
		HideSolutionNode = FALSE
	EndGlobalSection
EndGlobal
