
Microsoft Visual Studio Solution File, Format Version 11.00
# Visual Studio 2010
Project("{FAE04EC0-301F-11D3-BF4B-00C04F79EFBC}") = "ConsoleMultiplication", "ConsoleMultiplication\ConsoleMultiplication.csproj", "{0A423437-D7CB-46CF-9C47-7F851410BDDA}"
EndProject
Global
	GlobalSection(SolutionConfigurationPlatforms) = preSolution
		Debug|x86 = Debug|x86
		Release|x86 = Release|x86
	EndGlobalSection
	GlobalSection(ProjectConfigurationPlatforms) = postSolution
		{0A423437-D7CB-46CF-9C47-7F851410BDDA}.Debug|x86.ActiveCfg = Debug|x86
		{0A423437-D7CB-46CF-9C47-7F851410BDDA}.Debug|x86.Build.0 = Debug|x86
		{0A423437-D7CB-46CF-9C47-7F851410BDDA}.Release|x86.ActiveCfg = Release|x86
		{0A423437-D7CB-46CF-9C47-7F851410BDDA}.Release|x86.Build.0 = Release|x86
	EndGlobalSection
	GlobalSection(SolutionProperties) = preSolution
		HideSolutionNode = FALSE
	EndGlobalSection
EndGlobal
